
Microsoft Visual Studio Solution File, Format Version 12.00
# Visual Studio Version 17
VisualStudioVersion = 17.10.35122.118
MinimumVisualStudioVersion = 10.0.40219.1
Project("{FAE04EC0-301F-11D3-BF4B-00C04F79EFBC}") = "LibrarySystem", "LibrarySystem\LibrarySystem.csproj", "{888093D3-DBA8-4272-9F61-7A7D42CBD06C}"
EndProject
Project("{FAE04EC0-301F-11D3-BF4B-00C04F79EFBC}") = "library.services", "library.services\library.services.csproj", "{7676C0A6-EBAC-45A9-89CF-FACDEFA20039}"
EndProject
Project("{FAE04EC0-301F-11D3-BF4B-00C04F79EFBC}") = "LibrarySystem.Repositories", "LibrarySystem.Repositories\LibrarySystem.Repositories.csproj", "{96FA9836-6DB5-458E-B1DF-D8E5C675CC0F}"
EndProject
Global
	GlobalSection(SolutionConfigurationPlatforms) = preSolution
		Debug|Any CPU = Debug|Any CPU
		Release|Any CPU = Release|Any CPU
	EndGlobalSection
	GlobalSection(ProjectConfigurationPlatforms) = postSolution
		{888093D3-DBA8-4272-9F61-7A7D42CBD06C}.Debug|Any CPU.ActiveCfg = Debug|Any CPU
		{888093D3-DBA8-4272-9F61-7A7D42CBD06C}.Debug|Any CPU.Build.0 = Debug|Any CPU
		{888093D3-DBA8-4272-9F61-7A7D42CBD06C}.Release|Any CPU.ActiveCfg = Release|Any CPU
		{888093D3-DBA8-4272-9F61-7A7D42CBD06C}.Release|Any CPU.Build.0 = Release|Any CPU
		{7676C0A6-EBAC-45A9-89CF-FACDEFA20039}.Debug|Any CPU.ActiveCfg = Debug|Any CPU
		{7676C0A6-EBAC-45A9-89CF-FACDEFA20039}.Debug|Any CPU.Build.0 = Debug|Any CPU
		{7676C0A6-EBAC-45A9-89CF-FACDEFA20039}.Release|Any CPU.ActiveCfg = Release|Any CPU
		{7676C0A6-EBAC-45A9-89CF-FACDEFA20039}.Release|Any CPU.Build.0 = Release|Any CPU
		{96FA9836-6DB5-458E-B1DF-D8E5C675CC0F}.Debug|Any CPU.ActiveCfg = Debug|Any CPU
		{96FA9836-6DB5-458E-B1DF-D8E5C675CC0F}.Debug|Any CPU.Build.0 = Debug|Any CPU
		{96FA9836-6DB5-458E-B1DF-D8E5C675CC0F}.Release|Any CPU.ActiveCfg = Release|Any CPU
		{96FA9836-6DB5-458E-B1DF-D8E5C675CC0F}.Release|Any CPU.Build.0 = Release|Any CPU
	EndGlobalSection
	GlobalSection(SolutionProperties) = preSolution
		HideSolutionNode = FALSE
	EndGlobalSection
	GlobalSection(ExtensibilityGlobals) = postSolution
		SolutionGuid = {210907FE-3708-4FC1-8ED0-9932A297D635}
	EndGlobalSection
EndGlobal
